schema: '2.0'
stages:
  data_collection:
    cmd: python src/data_collection.py
    deps:
    - path: src/data_collection.py
      hash: md5
      md5: 3241a5c26fcfd89f30d60b5425a3eec6
      size: 507
    outs:
    - path: data/raw
      hash: md5
      md5: 9a0fd48db4485eb3ddfbd53cb65a3e45.dir
      size: 522262
      nfiles: 2
  pre_processing:
    cmd: python src/data_preprocessing.py
    deps:
    - path: data/raw
      hash: md5
      md5: 9a0fd48db4485eb3ddfbd53cb65a3e45.dir
      size: 522262
      nfiles: 2
    - path: src/data_preprocessing.py
      hash: md5
      md5: 5204a9a3adde97a89ba091b3e183ae67
      size: 945
    outs:
    - path: data/processed
      hash: md5
      md5: 46e5b16946dafbafd4d74d01b06e0196.dir
      size: 546973
      nfiles: 2
  model_build:
    cmd: python src/model_building.py
    deps:
    - path: data/processed/
      hash: md5
      md5: 46e5b16946dafbafd4d74d01b06e0196.dir
      size: 546973
      nfiles: 2
    - path: src/model_building.py
      hash: md5
      md5: c13549c8a33b373bb1746e1f9e49032f
      size: 885
    outs:
    - path: model.pkl
      hash: md5
      md5: ff8c43fde60ab2f174142f64ed9a5a3d
      size: 7352787
  model_evaluation:
    cmd: python src/model_evl.py
    deps:
    - path: model.pkl
      hash: md5
      md5: ff8c43fde60ab2f174142f64ed9a5a3d
      size: 7352787
    - path: src/model_evl.py
      hash: md5
      md5: 7e13eac28fc39a18a40170d8af026d07
      size: 722
    outs:
    - path: metrics.json
      hash: md5
      md5: 8dae564ff7c70f782de277f373e58acc
      size: 146
